
Microsoft Visual Studio Solution File, Format Version 12.00
# Visual Studio Version 17
VisualStudioVersion = 17.8.34322.80
MinimumVisualStudioVersion = 10.0.40219.1
Project("{8BC9CEB8-8B4A-11D0-8D11-00A0C91BC942}") = "kuhn_poker", "kuhn_poker\kuhn_poker.vcxproj", "{7CBA6268-1002-4BE0-B778-5BF749E39AD6}"
EndProject
Project("{8BC9CEB8-8B4A-11D0-8D11-00A0C91BC942}") = "leduc_poker", "leduc_poker\leduc_poker.vcxproj", "{0A39CAD0-6E52-4438-89B4-B46D7FB9E4CD}"
EndProject
Project("{8BC9CEB8-8B4A-11D0-8D11-00A0C91BC942}") = "kuhn_poker_v2", "kuhn_poker_v2\kuhn_poker_v2.vcxproj", "{F9146262-9474-4D53-AEE5-FCD98A0CE143}"
EndProject
Project("{8BC9CEB8-8B4A-11D0-8D11-00A0C91BC942}") = "test_proj", "test_proj\test_proj.vcxproj", "{B320740C-9B92-47BB-A6FE-2FF7F7B264B8}"
EndProject
Project("{8BC9CEB8-8B4A-11D0-8D11-00A0C91BC942}") = "kuhn_poker_v3", "leduc_poker_v3\leduc_poker_v3.vcxproj", "{0388C6BB-85B0-4202-988B-301E9A24CA45}"
EndProject
Project("{8BC9CEB8-8B4A-11D0-8D11-00A0C91BC942}") = "reduc_poker", "reduc_poker\reduc_poker.vcxproj", "{44F7380C-EDE0-4610-992B-362B58095BE9}"
EndProject
Global
	GlobalSection(SolutionConfigurationPlatforms) = preSolution
		Debug|x64 = Debug|x64
		Debug|x86 = Debug|x86
		Release|x64 = Release|x64
		Release|x86 = Release|x86
	EndGlobalSection
	GlobalSection(ProjectConfigurationPlatforms) = postSolution
		{7CBA6268-1002-4BE0-B778-5BF749E39AD6}.Debug|x64.ActiveCfg = Debug|x64
		{7CBA6268-1002-4BE0-B778-5BF749E39AD6}.Debug|x64.Build.0 = Debug|x64
		{7CBA6268-1002-4BE0-B778-5BF749E39AD6}.Debug|x86.ActiveCfg = Debug|Win32
		{7CBA6268-1002-4BE0-B778-5BF749E39AD6}.Debug|x86.Build.0 = Debug|Win32
		{7CBA6268-1002-4BE0-B778-5BF749E39AD6}.Release|x64.ActiveCfg = Release|x64
		{7CBA6268-1002-4BE0-B778-5BF749E39AD6}.Release|x64.Build.0 = Release|x64
		{7CBA6268-1002-4BE0-B778-5BF749E39AD6}.Release|x86.ActiveCfg = Release|Win32
		{7CBA6268-1002-4BE0-B778-5BF749E39AD6}.Release|x86.Build.0 = Release|Win32
		{0A39CAD0-6E52-4438-89B4-B46D7FB9E4CD}.Debug|x64.ActiveCfg = Debug|x64
		{0A39CAD0-6E52-4438-89B4-B46D7FB9E4CD}.Debug|x64.Build.0 = Debug|x64
		{0A39CAD0-6E52-4438-89B4-B46D7FB9E4CD}.Debug|x86.ActiveCfg = Debug|Win32
		{0A39CAD0-6E52-4438-89B4-B46D7FB9E4CD}.Debug|x86.Build.0 = Debug|Win32
		{0A39CAD0-6E52-4438-89B4-B46D7FB9E4CD}.Release|x64.ActiveCfg = Release|x64
		{0A39CAD0-6E52-4438-89B4-B46D7FB9E4CD}.Release|x64.Build.0 = Release|x64
		{0A39CAD0-6E52-4438-89B4-B46D7FB9E4CD}.Release|x86.ActiveCfg = Release|Win32
		{0A39CAD0-6E52-4438-89B4-B46D7FB9E4CD}.Release|x86.Build.0 = Release|Win32
		{F9146262-9474-4D53-AEE5-FCD98A0CE143}.Debug|x64.ActiveCfg = Debug|x64
		{F9146262-9474-4D53-AEE5-FCD98A0CE143}.Debug|x64.Build.0 = Debug|x64
		{F9146262-9474-4D53-AEE5-FCD98A0CE143}.Debug|x86.ActiveCfg = Debug|Win32
		{F9146262-9474-4D53-AEE5-FCD98A0CE143}.Debug|x86.Build.0 = Debug|Win32
		{F9146262-9474-4D53-AEE5-FCD98A0CE143}.Release|x64.ActiveCfg = Release|x64
		{F9146262-9474-4D53-AEE5-FCD98A0CE143}.Release|x64.Build.0 = Release|x64
		{F9146262-9474-4D53-AEE5-FCD98A0CE143}.Release|x86.ActiveCfg = Release|Win32
		{F9146262-9474-4D53-AEE5-FCD98A0CE143}.Release|x86.Build.0 = Release|Win32
		{B320740C-9B92-47BB-A6FE-2FF7F7B264B8}.Debug|x64.ActiveCfg = Debug|x64
		{B320740C-9B92-47BB-A6FE-2FF7F7B264B8}.Debug|x64.Build.0 = Debug|x64
		{B320740C-9B92-47BB-A6FE-2FF7F7B264B8}.Debug|x86.ActiveCfg = Debug|Win32
		{B320740C-9B92-47BB-A6FE-2FF7F7B264B8}.Debug|x86.Build.0 = Debug|Win32
		{B320740C-9B92-47BB-A6FE-2FF7F7B264B8}.Release|x64.ActiveCfg = Release|x64
		{B320740C-9B92-47BB-A6FE-2FF7F7B264B8}.Release|x64.Build.0 = Release|x64
		{B320740C-9B92-47BB-A6FE-2FF7F7B264B8}.Release|x86.ActiveCfg = Release|Win32
		{B320740C-9B92-47BB-A6FE-2FF7F7B264B8}.Release|x86.Build.0 = Release|Win32
		{0388C6BB-85B0-4202-988B-301E9A24CA45}.Debug|x64.ActiveCfg = Debug|x64
		{0388C6BB-85B0-4202-988B-301E9A24CA45}.Debug|x64.Build.0 = Debug|x64
		{0388C6BB-85B0-4202-988B-301E9A24CA45}.Debug|x86.ActiveCfg = Debug|Win32
		{0388C6BB-85B0-4202-988B-301E9A24CA45}.Debug|x86.Build.0 = Debug|Win32
		{0388C6BB-85B0-4202-988B-301E9A24CA45}.Release|x64.ActiveCfg = Release|x64
		{0388C6BB-85B0-4202-988B-301E9A24CA45}.Release|x64.Build.0 = Release|x64
		{0388C6BB-85B0-4202-988B-301E9A24CA45}.Release|x86.ActiveCfg = Release|Win32
		{0388C6BB-85B0-4202-988B-301E9A24CA45}.Release|x86.Build.0 = Release|Win32
		{44F7380C-EDE0-4610-992B-362B58095BE9}.Debug|x64.ActiveCfg = Debug|x64
		{44F7380C-EDE0-4610-992B-362B58095BE9}.Debug|x64.Build.0 = Debug|x64
		{44F7380C-EDE0-4610-992B-362B58095BE9}.Debug|x86.ActiveCfg = Debug|Win32
		{44F7380C-EDE0-4610-992B-362B58095BE9}.Debug|x86.Build.0 = Debug|Win32
		{44F7380C-EDE0-4610-992B-362B58095BE9}.Release|x64.ActiveCfg = Release|x64
		{44F7380C-EDE0-4610-992B-362B58095BE9}.Release|x64.Build.0 = Release|x64
		{44F7380C-EDE0-4610-992B-362B58095BE9}.Release|x86.ActiveCfg = Release|Win32
		{44F7380C-EDE0-4610-992B-362B58095BE9}.Release|x86.Build.0 = Release|Win32
	EndGlobalSection
	GlobalSection(SolutionProperties) = preSolution
		HideSolutionNode = FALSE
	EndGlobalSection
	GlobalSection(ExtensibilityGlobals) = postSolution
		SolutionGuid = {09859228-6F35-472F-A6F8-FA2B79B2D735}
	EndGlobalSection
EndGlobal
